version = 1
revision = 3
requires-python = ">=3.13"

[[package]]
name = "bsa"
version = "0.1.0"
source = { virtual = "." }
dependencies = [
    { name = "websockets" },
]

[package.metadata]
requires-dist = [{ name = "websockets", specifier = "==12.0" }]

[[package]]
name = "websockets"
version = "12.0"
source = { registry = "https://pypi.org/simple" }
sdist = { url = "https://files.pythonhosted.org/packages/2e/62/7a7874b7285413c954a4cca3c11fd851f11b2fe5b4ae2d9bee4f6d9bdb10/websockets-12.0.tar.gz", hash = "sha256:81df9cbcbb6c260de1e007e58c011bfebe2dafc8435107b0537f393dd38c8b1b", size = 104994, upload-time = "2023-10-21T14:21:11.88Z" }
wheels = [
    { url = "https://files.pythonhosted.org/packages/79/4d/9cc401e7b07e80532ebc8c8e993f42541534da9e9249c59ee0139dcb0352/websockets-12.0-py3-none-any.whl", hash = "sha256:dc284bbc8d7c78a6c69e0c7325ab46ee5e40bb4d50e494d8131a07ef47500e9e", size = 118370, upload-time = "2023-10-21T14:21:10.075Z" },
]
